# This file was autogenerated by Stack.
# You should not edit this file by hand.
# For more information, please see the documentation at:
#   https://docs.haskellstack.org/en/stable/lock_files

packages:
- completed:
    hackage: themoviedb-1.2.2@sha256:e63cc30a9262745cf1afdaccc5f1ec15dea861668ae5243fe1659fe1a08983b2,3979
    pantry-tree:
      sha256: 633a05b573fa0ec52cb60b60a22deb3123561cfba703523bce7dba1e6c116370
      size: 2090
  original:
    hackage: themoviedb-1.2.2
snapshots:
- completed:
    sha256: 4905c93319aa94aa53da8f41d614d7bacdbfe6c63a8c6132d32e6e62f24a9af4
    size: 649315
    url: https://raw.githubusercontent.com/commercialhaskell/stackage-snapshots/master/lts/20/6.yaml
  original:
    url: https://raw.githubusercontent.com/commercialhaskell/stackage-snapshots/master/lts/20/6.yaml
